
Microsoft Visual Studio Solution File, Format Version 12.00
# Visual Studio Version 17
VisualStudioVersion = 17.4.33122.133
MinimumVisualStudioVersion = 10.0.40219.1
Project("{9A19103F-16F7-4668-BE54-9A1E7A4F7556}") = "GameWindow", "SpaceInvadersGameWindow\GameWindow.csproj", "{2FB76F94-AB27-4B98-8279-EC3EE0C564B7}"
EndProject
Project("{9A19103F-16F7-4668-BE54-9A1E7A4F7556}") = "LoginRegistServer", "SpaceInvadersLoginRegistServer\LoginRegistServer.csproj", "{3445540A-A90D-4A9A-B6F2-139AD09EB085}"
EndProject
Project("{9A19103F-16F7-4668-BE54-9A1E7A4F7556}") = "GameplayServer", "SpaceInvadersGameplayServer\GameplayServer.csproj", "{B8E9EA17-699E-40E9-9BB3-798C2207DA4D}"
EndProject
Project("{9A19103F-16F7-4668-BE54-9A1E7A4F7556}") = "DatabaseCommunication", "DatabaseCommunication\DatabaseCommunication.csproj", "{2947D523-8D80-4692-9C1F-96B804FE0ED2}"
EndProject
Project("{2150E333-8FDC-42A3-9474-1A3956D46DE8}") = "Solution Items", "Solution Items", "{A2769C1B-F9F5-4DCE-9CFD-7373568EE142}"
	ProjectSection(SolutionItems) = preProject
		.editorconfig = .editorconfig
	EndProjectSection
EndProject
Global
	GlobalSection(SolutionConfigurationPlatforms) = preSolution
		Debug|Any CPU = Debug|Any CPU
		Release|Any CPU = Release|Any CPU
	EndGlobalSection
	GlobalSection(ProjectConfigurationPlatforms) = postSolution
		{2FB76F94-AB27-4B98-8279-EC3EE0C564B7}.Debug|Any CPU.ActiveCfg = Debug|Any CPU
		{2FB76F94-AB27-4B98-8279-EC3EE0C564B7}.Debug|Any CPU.Build.0 = Debug|Any CPU
		{2FB76F94-AB27-4B98-8279-EC3EE0C564B7}.Release|Any CPU.ActiveCfg = Release|Any CPU
		{2FB76F94-AB27-4B98-8279-EC3EE0C564B7}.Release|Any CPU.Build.0 = Release|Any CPU
		{3445540A-A90D-4A9A-B6F2-139AD09EB085}.Debug|Any CPU.ActiveCfg = Debug|Any CPU
		{3445540A-A90D-4A9A-B6F2-139AD09EB085}.Debug|Any CPU.Build.0 = Debug|Any CPU
		{3445540A-A90D-4A9A-B6F2-139AD09EB085}.Release|Any CPU.ActiveCfg = Release|Any CPU
		{3445540A-A90D-4A9A-B6F2-139AD09EB085}.Release|Any CPU.Build.0 = Release|Any CPU
		{B8E9EA17-699E-40E9-9BB3-798C2207DA4D}.Debug|Any CPU.ActiveCfg = Debug|Any CPU
		{B8E9EA17-699E-40E9-9BB3-798C2207DA4D}.Debug|Any CPU.Build.0 = Debug|Any CPU
		{B8E9EA17-699E-40E9-9BB3-798C2207DA4D}.Release|Any CPU.ActiveCfg = Release|Any CPU
		{B8E9EA17-699E-40E9-9BB3-798C2207DA4D}.Release|Any CPU.Build.0 = Release|Any CPU
		{2947D523-8D80-4692-9C1F-96B804FE0ED2}.Debug|Any CPU.ActiveCfg = Debug|Any CPU
		{2947D523-8D80-4692-9C1F-96B804FE0ED2}.Debug|Any CPU.Build.0 = Debug|Any CPU
		{2947D523-8D80-4692-9C1F-96B804FE0ED2}.Release|Any CPU.ActiveCfg = Release|Any CPU
		{2947D523-8D80-4692-9C1F-96B804FE0ED2}.Release|Any CPU.Build.0 = Release|Any CPU
	EndGlobalSection
	GlobalSection(SolutionProperties) = preSolution
		HideSolutionNode = FALSE
	EndGlobalSection
	GlobalSection(ExtensibilityGlobals) = postSolution
		SolutionGuid = {B4A63CB9-9AFE-49A6-BDD4-7C6E45077116}
	EndGlobalSection
EndGlobal
